// !$*UTF8*$!
{
	archiveVersion = 1;
	classes = {
	};
	objectVersion = 56;
	objects = {

/* Begin PBXBuildFile section */
		4A2D0F792B7136FA00EE55D9 /* AppDelegate.swift in Sources */ = {isa = PBXBuildFile; fileRef = 4A2D0F782B7136FA00EE55D9 /* AppDelegate.swift */; };
		4A2D0F822B7136FE00EE55D9 /* Assets.xcassets in Resources */ = {isa = PBXBuildFile; fileRef = 4A2D0F812B7136FE00EE55D9 /* Assets.xcassets */; };
		4A2D0F852B7136FE00EE55D9 /* LaunchScreen.storyboard in Resources */ = {isa = PBXBuildFile; fileRef = 4A2D0F832B7136FE00EE55D9 /* LaunchScreen.storyboard */; };
		4A2D0F922B713BFF00EE55D9 /* HomeViewController.swift in Sources */ = {isa = PBXBuildFile; fileRef = 4A2D0F902B713BFF00EE55D9 /* HomeViewController.swift */; };
		4A2D0F932B713BFF00EE55D9 /* HomeViewController.xib in Resources */ = {isa = PBXBuildFile; fileRef = 4A2D0F912B713BFF00EE55D9 /* HomeViewController.xib */; };
		4A2D0F9D2B7143E800EE55D9 /* Color.swift in Sources */ = {isa = PBXBuildFile; fileRef = 4A2D0F9C2B7143E800EE55D9 /* Color.swift */; };
		4AD46E5E2B71490B00BD09B7 /* Tabs.swift in Sources */ = {isa = PBXBuildFile; fileRef = 4AD46E5D2B71490B00BD09B7 /* Tabs.swift */; };
		4AD46E602B71491800BD09B7 /* Tabs.xib in Resources */ = {isa = PBXBuildFile; fileRef = 4AD46E5F2B71491800BD09B7 /* Tabs.xib */; };
		4AD46E632B714A0E00BD09B7 /* TabItem.swift in Sources */ = {isa = PBXBuildFile; fileRef = 4AD46E622B714A0E00BD09B7 /* TabItem.swift */; };
		4AD46E672B714A6D00BD09B7 /* TabsCell.swift in Sources */ = {isa = PBXBuildFile; fileRef = 4AD46E652B714A6D00BD09B7 /* TabsCell.swift */; };
		4AD46E682B714A6D00BD09B7 /* TabsCell.xib in Resources */ = {isa = PBXBuildFile; fileRef = 4AD46E662B714A6D00BD09B7 /* TabsCell.xib */; };
		4AD46E6B2B714AE400BD09B7 /* CustomUIView.swift in Sources */ = {isa = PBXBuildFile; fileRef = 4AD46E6A2B714AE400BD09B7 /* CustomUIView.swift */; };
		4AD46E6F2B714E7C00BD09B7 /* HomeViewModel.swift in Sources */ = {isa = PBXBuildFile; fileRef = 4AD46E6E2B714E7C00BD09B7 /* HomeViewModel.swift */; };
		4AD46E712B7150EB00BD09B7 /* HexCodeColor.swift in Sources */ = {isa = PBXBuildFile; fileRef = 4AD46E702B7150EB00BD09B7 /* HexCodeColor.swift */; };
		4AD46E752B71525400BD09B7 /* FittedCollectionView.swift in Sources */ = {isa = PBXBuildFile; fileRef = 4AD46E742B71525400BD09B7 /* FittedCollectionView.swift */; };
/* End PBXBuildFile section */

/* Begin PBXFileReference section */
		4A2D0F752B7136FA00EE55D9 /* LoanManagement.app */ = {isa = PBXFileReference; explicitFileType = wrapper.application; includeInIndex = 0; path = LoanManagement.app; sourceTree = BUILT_PRODUCTS_DIR; };
		4A2D0F782B7136FA00EE55D9 /* AppDelegate.swift */ = {isa = PBXFileReference; lastKnownFileType = sourcecode.swift; path = AppDelegate.swift; sourceTree = "<group>"; };
		4A2D0F812B7136FE00EE55D9 /* Assets.xcassets */ = {isa = PBXFileReference; lastKnownFileType = folder.assetcatalog; path = Assets.xcassets; sourceTree = "<group>"; };
		4A2D0F842B7136FE00EE55D9 /* Base */ = {isa = PBXFileReference; lastKnownFileType = file.storyboard; name = Base; path = Base.lproj/LaunchScreen.storyboard; sourceTree = "<group>"; };
		4A2D0F862B7136FE00EE55D9 /* Info.plist */ = {isa = PBXFileReference; lastKnownFileType = text.plist.xml; path = Info.plist; sourceTree = "<group>"; };
		4A2D0F902B713BFF00EE55D9 /* HomeViewController.swift */ = {isa = PBXFileReference; lastKnownFileType = sourcecode.swift; path = HomeViewController.swift; sourceTree = "<group>"; };
		4A2D0F912B713BFF00EE55D9 /* HomeViewController.xib */ = {isa = PBXFileReference; lastKnownFileType = file.xib; path = HomeViewController.xib; sourceTree = "<group>"; };
		4A2D0F9C2B7143E800EE55D9 /* Color.swift */ = {isa = PBXFileReference; lastKnownFileType = sourcecode.swift; path = Color.swift; sourceTree = "<group>"; };
		4AD46E5D2B71490B00BD09B7 /* Tabs.swift */ = {isa = PBXFileReference; lastKnownFileType = sourcecode.swift; path = Tabs.swift; sourceTree = "<group>"; };
		4AD46E5F2B71491800BD09B7 /* Tabs.xib */ = {isa = PBXFileReference; lastKnownFileType = file.xib; path = Tabs.xib; sourceTree = "<group>"; };
		4AD46E622B714A0E00BD09B7 /* TabItem.swift */ = {isa = PBXFileReference; lastKnownFileType = sourcecode.swift; path = TabItem.swift; sourceTree = "<group>"; };
		4AD46E652B714A6D00BD09B7 /* TabsCell.swift */ = {isa = PBXFileReference; lastKnownFileType = sourcecode.swift; path = TabsCell.swift; sourceTree = "<group>"; };
		4AD46E662B714A6D00BD09B7 /* TabsCell.xib */ = {isa = PBXFileReference; lastKnownFileType = file.xib; path = TabsCell.xib; sourceTree = "<group>"; };
		4AD46E6A2B714AE400BD09B7 /* CustomUIView.swift */ = {isa = PBXFileReference; lastKnownFileType = sourcecode.swift; path = CustomUIView.swift; sourceTree = "<group>"; };
		4AD46E6E2B714E7C00BD09B7 /* HomeViewModel.swift */ = {isa = PBXFileReference; lastKnownFileType = sourcecode.swift; path = HomeViewModel.swift; sourceTree = "<group>"; };
		4AD46E702B7150EB00BD09B7 /* HexCodeColor.swift */ = {isa = PBXFileReference; lastKnownFileType = sourcecode.swift; path = HexCodeColor.swift; sourceTree = "<group>"; };
		4AD46E742B71525400BD09B7 /* FittedCollectionView.swift */ = {isa = PBXFileReference; lastKnownFileType = sourcecode.swift; path = FittedCollectionView.swift; sourceTree = "<group>"; };
/* End PBXFileReference section */

/* Begin PBXFrameworksBuildPhase section */
		4A2D0F722B7136FA00EE55D9 /* Frameworks */ = {
			isa = PBXFrameworksBuildPhase;
			buildActionMask = 2147483647;
			files = (
			);
			runOnlyForDeploymentPostprocessing = 0;
		};
/* End PBXFrameworksBuildPhase section */

/* Begin PBXGroup section */
		4A2D0F6C2B7136FA00EE55D9 = {
			isa = PBXGroup;
			children = (
				4A2D0F772B7136FA00EE55D9 /* LoanManagement */,
				4A2D0F762B7136FA00EE55D9 /* Products */,
			);
			sourceTree = "<group>";
		};
		4A2D0F762B7136FA00EE55D9 /* Products */ = {
			isa = PBXGroup;
			children = (
				4A2D0F752B7136FA00EE55D9 /* LoanManagement.app */,
			);
			name = Products;
			sourceTree = "<group>";
		};
		4A2D0F772B7136FA00EE55D9 /* LoanManagement */ = {
			isa = PBXGroup;
			children = (
				4A2D0F8C2B71376D00EE55D9 /* Cores */,
				4A2D0F8D2B71377500EE55D9 /* Commons */,
				4A2D0F8E2B71378000EE55D9 /* Modules */,
				4A2D0F782B7136FA00EE55D9 /* AppDelegate.swift */,
				4A2D0F812B7136FE00EE55D9 /* Assets.xcassets */,
				4A2D0F832B7136FE00EE55D9 /* LaunchScreen.storyboard */,
				4A2D0F862B7136FE00EE55D9 /* Info.plist */,
			);
			path = LoanManagement;
			sourceTree = "<group>";
		};
		4A2D0F8C2B71376D00EE55D9 /* Cores */ = {
			isa = PBXGroup;
			children = (
				4AD46E612B7149EC00BD09B7 /* Entities */,
				4A2D0F9A2B7143CD00EE55D9 /* Utils */,
			);
			path = Cores;
			sourceTree = "<group>";
		};
		4A2D0F8D2B71377500EE55D9 /* Commons */ = {
			isa = PBXGroup;
			children = (
				4AD46E692B714AC100BD09B7 /* CustomUIView */,
				4AD46E5C2B7148F100BD09B7 /* Tabs */,
			);
			path = Commons;
			sourceTree = "<group>";
		};
		4A2D0F8E2B71378000EE55D9 /* Modules */ = {
			isa = PBXGroup;
			children = (
				4A2D0F8F2B713BEA00EE55D9 /* Home */,
			);
			path = Modules;
			sourceTree = "<group>";
		};
		4A2D0F8F2B713BEA00EE55D9 /* Home */ = {
			isa = PBXGroup;
			children = (
				4AD46E6C2B714E5300BD09B7 /* Views */,
				4AD46E6D2B714E5D00BD09B7 /* ViewModels */,
			);
			path = Home;
			sourceTree = "<group>";
		};
		4A2D0F9A2B7143CD00EE55D9 /* Utils */ = {
			isa = PBXGroup;
			children = (
				4AD46E732B71523D00BD09B7 /* FittedCollectionView */,
				4AD46E722B7150FA00BD09B7 /* HexCodeColor */,
				4A2D0F9B2B7143D400EE55D9 /* Color */,
			);
			path = Utils;
			sourceTree = "<group>";
		};
		4A2D0F9B2B7143D400EE55D9 /* Color */ = {
			isa = PBXGroup;
			children = (
				4A2D0F9C2B7143E800EE55D9 /* Color.swift */,
			);
			path = Color;
			sourceTree = "<group>";
		};
		4AD46E5C2B7148F100BD09B7 /* Tabs */ = {
			isa = PBXGroup;
			children = (
				4AD46E642B714A4C00BD09B7 /* Cell */,
				4AD46E5D2B71490B00BD09B7 /* Tabs.swift */,
				4AD46E5F2B71491800BD09B7 /* Tabs.xib */,
			);
			path = Tabs;
			sourceTree = "<group>";
		};
		4AD46E612B7149EC00BD09B7 /* Entities */ = {
			isa = PBXGroup;
			children = (
				4AD46E622B714A0E00BD09B7 /* TabItem.swift */,
			);
			path = Entities;
			sourceTree = "<group>";
		};
		4AD46E642B714A4C00BD09B7 /* Cell */ = {
			isa = PBXGroup;
			children = (
				4AD46E652B714A6D00BD09B7 /* TabsCell.swift */,
				4AD46E662B714A6D00BD09B7 /* TabsCell.xib */,
			);
			path = Cell;
			sourceTree = "<group>";
		};
		4AD46E692B714AC100BD09B7 /* CustomUIView */ = {
			isa = PBXGroup;
			children = (
				4AD46E6A2B714AE400BD09B7 /* CustomUIView.swift */,
			);
			path = CustomUIView;
			sourceTree = "<group>";
		};
		4AD46E6C2B714E5300BD09B7 /* Views */ = {
			isa = PBXGroup;
			children = (
				4A2D0F902B713BFF00EE55D9 /* HomeViewController.swift */,
				4A2D0F912B713BFF00EE55D9 /* HomeViewController.xib */,
			);
			path = Views;
			sourceTree = "<group>";
		};
		4AD46E6D2B714E5D00BD09B7 /* ViewModels */ = {
			isa = PBXGroup;
			children = (
				4AD46E6E2B714E7C00BD09B7 /* HomeViewModel.swift */,
			);
			path = ViewModels;
			sourceTree = "<group>";
		};
		4AD46E722B7150FA00BD09B7 /* HexCodeColor */ = {
			isa = PBXGroup;
			children = (
				4AD46E702B7150EB00BD09B7 /* HexCodeColor.swift */,
			);
			path = HexCodeColor;
			sourceTree = "<group>";
		};
		4AD46E732B71523D00BD09B7 /* FittedCollectionView */ = {
			isa = PBXGroup;
			children = (
				4AD46E742B71525400BD09B7 /* FittedCollectionView.swift */,
			);
			path = FittedCollectionView;
			sourceTree = "<group>";
		};
/* End PBXGroup section */

/* Begin PBXNativeTarget section */
		4A2D0F742B7136FA00EE55D9 /* LoanManagement */ = {
			isa = PBXNativeTarget;
			buildConfigurationList = 4A2D0F892B7136FE00EE55D9 /* Build configuration list for PBXNativeTarget "LoanManagement" */;
			buildPhases = (
				4A2D0F712B7136FA00EE55D9 /* Sources */,
				4A2D0F722B7136FA00EE55D9 /* Frameworks */,
				4A2D0F732B7136FA00EE55D9 /* Resources */,
			);
			buildRules = (
			);
			dependencies = (
			);
			name = LoanManagement;
			productName = LoanManagement;
			productReference = 4A2D0F752B7136FA00EE55D9 /* LoanManagement.app */;
			productType = "com.apple.product-type.application";
		};
/* End PBXNativeTarget section */

/* Begin PBXProject section */
		4A2D0F6D2B7136FA00EE55D9 /* Project object */ = {
			isa = PBXProject;
			attributes = {
				BuildIndependentTargetsInParallel = 1;
				LastSwiftUpdateCheck = 1510;
				LastUpgradeCheck = 1510;
				TargetAttributes = {
					4A2D0F742B7136FA00EE55D9 = {
						CreatedOnToolsVersion = 15.1;
					};
				};
			};
			buildConfigurationList = 4A2D0F702B7136FA00EE55D9 /* Build configuration list for PBXProject "LoanManagement" */;
			compatibilityVersion = "Xcode 14.0";
			developmentRegion = en;
			hasScannedForEncodings = 0;
			knownRegions = (
				en,
				Base,
			);
			mainGroup = 4A2D0F6C2B7136FA00EE55D9;
			productRefGroup = 4A2D0F762B7136FA00EE55D9 /* Products */;
			projectDirPath = "";
			projectRoot = "";
			targets = (
				4A2D0F742B7136FA00EE55D9 /* LoanManagement */,
			);
		};
/* End PBXProject section */

/* Begin PBXResourcesBuildPhase section */
		4A2D0F732B7136FA00EE55D9 /* Resources */ = {
			isa = PBXResourcesBuildPhase;
			buildActionMask = 2147483647;
			files = (
				4AD46E682B714A6D00BD09B7 /* TabsCell.xib in Resources */,
				4A2D0F852B7136FE00EE55D9 /* LaunchScreen.storyboard in Resources */,
				4A2D0F822B7136FE00EE55D9 /* Assets.xcassets in Resources */,
				4A2D0F932B713BFF00EE55D9 /* HomeViewController.xib in Resources */,
				4AD46E602B71491800BD09B7 /* Tabs.xib in Resources */,
			);
			runOnlyForDeploymentPostprocessing = 0;
		};
/* End PBXResourcesBuildPhase section */

/* Begin PBXSourcesBuildPhase section */
		4A2D0F712B7136FA00EE55D9 /* Sources */ = {
			isa = PBXSourcesBuildPhase;
			buildActionMask = 2147483647;
			files = (
				4A2D0F792B7136FA00EE55D9 /* AppDelegate.swift in Sources */,
				4AD46E6B2B714AE400BD09B7 /* CustomUIView.swift in Sources */,
				4AD46E712B7150EB00BD09B7 /* HexCodeColor.swift in Sources */,
				4A2D0F9D2B7143E800EE55D9 /* Color.swift in Sources */,
				4AD46E6F2B714E7C00BD09B7 /* HomeViewModel.swift in Sources */,
				4A2D0F922B713BFF00EE55D9 /* HomeViewController.swift in Sources */,
				4AD46E752B71525400BD09B7 /* FittedCollectionView.swift in Sources */,
				4AD46E5E2B71490B00BD09B7 /* Tabs.swift in Sources */,
				4AD46E632B714A0E00BD09B7 /* TabItem.swift in Sources */,
				4AD46E672B714A6D00BD09B7 /* TabsCell.swift in Sources */,
			);
			runOnlyForDeploymentPostprocessing = 0;
		};
/* End PBXSourcesBuildPhase section */

/* Begin PBXVariantGroup section */
		4A2D0F832B7136FE00EE55D9 /* LaunchScreen.storyboard */ = {
			isa = PBXVariantGroup;
			children = (
				4A2D0F842B7136FE00EE55D9 /* Base */,
			);
			name = LaunchScreen.storyboard;
			sourceTree = "<group>";
		};
/* End PBXVariantGroup section */

/* Begin XCBuildConfiguration section */
		4A2D0F872B7136FE00EE55D9 /* Debug */ = {
			isa = XCBuildConfiguration;
			buildSettings = {
				ALWAYS_SEARCH_USER_PATHS = NO;
				ASSETCATALOG_COMPILER_GENERATE_SWIFT_ASSET_SYMBOL_EXTENSIONS = YES;
				CLANG_ANALYZER_NONNULL = YES;
				CLANG_ANALYZER_NUMBER_OBJECT_CONVERSION = YES_AGGRESSIVE;
				CLANG_CXX_LANGUAGE_STANDARD = "gnu++20";
				CLANG_ENABLE_MODULES = YES;
				CLANG_ENABLE_OBJC_ARC = YES;
				CLANG_ENABLE_OBJC_WEAK = YES;
				CLANG_WARN_BLOCK_CAPTURE_AUTORELEASING = YES;
				CLANG_WARN_BOOL_CONVERSION = YES;
				CLANG_WARN_COMMA = YES;
				CLANG_WARN_CONSTANT_CONVERSION = YES;
				CLANG_WARN_DEPRECATED_OBJC_IMPLEMENTATIONS = YES;
				CLANG_WARN_DIRECT_OBJC_ISA_USAGE = YES_ERROR;
				CLANG_WARN_DOCUMENTATION_COMMENTS = YES;
				CLANG_WARN_EMPTY_BODY = YES;
				CLANG_WARN_ENUM_CONVERSION = YES;
				CLANG_WARN_INFINITE_RECURSION = YES;
				CLANG_WARN_INT_CONVERSION = YES;
				CLANG_WARN_NON_LITERAL_NULL_CONVERSION = YES;
				CLANG_WARN_OBJC_IMPLICIT_RETAIN_SELF = YES;
				CLANG_WARN_OBJC_LITERAL_CONVERSION = YES;
				CLANG_WARN_OBJC_ROOT_CLASS = YES_ERROR;
				CLANG_WARN_QUOTED_INCLUDE_IN_FRAMEWORK_HEADER = YES;
				CLANG_WARN_RANGE_LOOP_ANALYSIS = YES;
				CLANG_WARN_STRICT_PROTOTYPES = YES;
				CLANG_WARN_SUSPICIOUS_MOVE = YES;
				CLANG_WARN_UNGUARDED_AVAILABILITY = YES_AGGRESSIVE;
				CLANG_WARN_UNREACHABLE_CODE = YES;
				CLANG_WARN__DUPLICATE_METHOD_MATCH = YES;
				COPY_PHASE_STRIP = NO;
				DEBUG_INFORMATION_FORMAT = dwarf;
				ENABLE_STRICT_OBJC_MSGSEND = YES;
				ENABLE_TESTABILITY = YES;
				ENABLE_USER_SCRIPT_SANDBOXING = YES;
				GCC_C_LANGUAGE_STANDARD = gnu17;
				GCC_DYNAMIC_NO_PIC = NO;
				GCC_NO_COMMON_BLOCKS = YES;
				GCC_OPTIMIZATION_LEVEL = 0;
				GCC_PREPROCESSOR_DEFINITIONS = (
					"DEBUG=1",
					"$(inherited)",
				);
				GCC_WARN_64_TO_32_BIT_CONVERSION = YES;
				GCC_WARN_ABOUT_RETURN_TYPE = YES_ERROR;
				GCC_WARN_UNDECLARED_SELECTOR = YES;
				GCC_WARN_UNINITIALIZED_AUTOS = YES_AGGRESSIVE;
				GCC_WARN_UNUSED_FUNCTION = YES;
				GCC_WARN_UNUSED_VARIABLE = YES;
				IPHONEOS_DEPLOYMENT_TARGET = 17.2;
				LOCALIZATION_PREFERS_STRING_CATALOGS = YES;
				MTL_ENABLE_DEBUG_INFO = INCLUDE_SOURCE;
				MTL_FAST_MATH = YES;
				ONLY_ACTIVE_ARCH = YES;
				SDKROOT = iphoneos;
				SWIFT_ACTIVE_COMPILATION_CONDITIONS = "DEBUG $(inherited)";
				SWIFT_OPTIMIZATION_LEVEL = "-Onone";
			};
			name = Debug;
		};
		4A2D0F882B7136FE00EE55D9 /* Release */ = {
			isa = XCBuildConfiguration;
			buildSettings = {
				ALWAYS_SEARCH_USER_PATHS = NO;
				ASSETCATALOG_COMPILER_GENERATE_SWIFT_ASSET_SYMBOL_EXTENSIONS = YES;
				CLANG_ANALYZER_NONNULL = YES;
				CLANG_ANALYZER_NUMBER_OBJECT_CONVERSION = YES_AGGRESSIVE;
				CLANG_CXX_LANGUAGE_STANDARD = "gnu++20";
				CLANG_ENABLE_MODULES = YES;
				CLANG_ENABLE_OBJC_ARC = YES;
				CLANG_ENABLE_OBJC_WEAK = YES;
				CLANG_WARN_BLOCK_CAPTURE_AUTORELEASING = YES;
				CLANG_WARN_BOOL_CONVERSION = YES;
				CLANG_WARN_COMMA = YES;
				CLANG_WARN_CONSTANT_CONVERSION = YES;
				CLANG_WARN_DEPRECATED_OBJC_IMPLEMENTATIONS = YES;
				CLANG_WARN_DIRECT_OBJC_ISA_USAGE = YES_ERROR;
				CLANG_WARN_DOCUMENTATION_COMMENTS = YES;
				CLANG_WARN_EMPTY_BODY = YES;
				CLANG_WARN_ENUM_CONVERSION = YES;
				CLANG_WARN_INFINITE_RECURSION = YES;
				CLANG_WARN_INT_CONVERSION = YES;
				CLANG_WARN_NON_LITERAL_NULL_CONVERSION = YES;
				CLANG_WARN_OBJC_IMPLICIT_RETAIN_SELF = YES;
				CLANG_WARN_OBJC_LITERAL_CONVERSION = YES;
				CLANG_WARN_OBJC_ROOT_CLASS = YES_ERROR;
				CLANG_WARN_QUOTED_INCLUDE_IN_FRAMEWORK_HEADER = YES;
				CLANG_WARN_RANGE_LOOP_ANALYSIS = YES;
				CLANG_WARN_STRICT_PROTOTYPES = YES;
				CLANG_WARN_SUSPICIOUS_MOVE = YES;
				CLANG_WARN_UNGUARDED_AVAILABILITY = YES_AGGRESSIVE;
				CLANG_WARN_UNREACHABLE_CODE = YES;
				CLANG_WARN__DUPLICATE_METHOD_MATCH = YES;
				COPY_PHASE_STRIP = NO;
				DEBUG_INFORMATION_FORMAT = "dwarf-with-dsym";
				ENABLE_NS_ASSERTIONS = NO;
				ENABLE_STRICT_OBJC_MSGSEND = YES;
				ENABLE_USER_SCRIPT_SANDBOXING = YES;
				GCC_C_LANGUAGE_STANDARD = gnu17;
				GCC_NO_COMMON_BLOCKS = YES;
				GCC_WARN_64_TO_32_BIT_CONVERSION = YES;
				GCC_WARN_ABOUT_RETURN_TYPE = YES_ERROR;
				GCC_WARN_UNDECLARED_SELECTOR = YES;
				GCC_WARN_UNINITIALIZED_AUTOS = YES_AGGRESSIVE;
				GCC_WARN_UNUSED_FUNCTION = YES;
				GCC_WARN_UNUSED_VARIABLE = YES;
				IPHONEOS_DEPLOYMENT_TARGET = 17.2;
				LOCALIZATION_PREFERS_STRING_CATALOGS = YES;
				MTL_ENABLE_DEBUG_INFO = NO;
				MTL_FAST_MATH = YES;
				SDKROOT = iphoneos;
				SWIFT_COMPILATION_MODE = wholemodule;
				VALIDATE_PRODUCT = YES;
			};
			name = Release;
		};
		4A2D0F8A2B7136FE00EE55D9 /* Debug */ = {
			isa = XCBuildConfiguration;
			buildSettings = {
				ASSETCATALOG_COMPILER_APPICON_NAME = AppIcon;
				ASSETCATALOG_COMPILER_GLOBAL_ACCENT_COLOR_NAME = AccentColor;
				CODE_SIGN_STYLE = Automatic;
				CURRENT_PROJECT_VERSION = 1;
				GENERATE_INFOPLIST_FILE = YES;
				INFOPLIST_FILE = LoanManagement/Info.plist;
				INFOPLIST_KEY_UIApplicationSupportsIndirectInputEvents = YES;
				INFOPLIST_KEY_UILaunchStoryboardName = LaunchScreen;
				INFOPLIST_KEY_UISupportedInterfaceOrientations_iPad = UIInterfaceOrientationPortrait;
				INFOPLIST_KEY_UISupportedInterfaceOrientations_iPhone = "UIInterfaceOrientationPortrait UIInterfaceOrientationLandscapeLeft UIInterfaceOrientationLandscapeRight";
				LD_RUNPATH_SEARCH_PATHS = (
					"$(inherited)",
					"@executable_path/Frameworks",
				);
				MARKETING_VERSION = 1.0;
				PRODUCT_BUNDLE_IDENTIFIER = com.iOS.App.LoanManagement;
				PRODUCT_NAME = "$(TARGET_NAME)";
				SWIFT_EMIT_LOC_STRINGS = YES;
				SWIFT_VERSION = 5.0;
				TARGETED_DEVICE_FAMILY = "1,2";
			};
			name = Debug;
		};
		4A2D0F8B2B7136FE00EE55D9 /* Release */ = {
			isa = XCBuildConfiguration;
			buildSettings = {
				ASSETCATALOG_COMPILER_APPICON_NAME = AppIcon;
				ASSETCATALOG_COMPILER_GLOBAL_ACCENT_COLOR_NAME = AccentColor;
				CODE_SIGN_STYLE = Automatic;
				CURRENT_PROJECT_VERSION = 1;
				GENERATE_INFOPLIST_FILE = YES;
				INFOPLIST_FILE = LoanManagement/Info.plist;
				INFOPLIST_KEY_UIApplicationSupportsIndirectInputEvents = YES;
				INFOPLIST_KEY_UILaunchStoryboardName = LaunchScreen;
				INFOPLIST_KEY_UISupportedInterfaceOrientations_iPad = UIInterfaceOrientationPortrait;
				INFOPLIST_KEY_UISupportedInterfaceOrientations_iPhone = "UIInterfaceOrientationPortrait UIInterfaceOrientationLandscapeLeft UIInterfaceOrientationLandscapeRight";
				LD_RUNPATH_SEARCH_PATHS = (
					"$(inherited)",
					"@executable_path/Frameworks",
				);
				MARKETING_VERSION = 1.0;
				PRODUCT_BUNDLE_IDENTIFIER = com.iOS.App.LoanManagement;
				PRODUCT_NAME = "$(TARGET_NAME)";
				SWIFT_EMIT_LOC_STRINGS = YES;
				SWIFT_VERSION = 5.0;
				TARGETED_DEVICE_FAMILY = "1,2";
			};
			name = Release;
		};
/* End XCBuildConfiguration section */

/* Begin XCConfigurationList section */
		4A2D0F702B7136FA00EE55D9 /* Build configuration list for PBXProject "LoanManagement" */ = {
			isa = XCConfigurationList;
			buildConfigurations = (
				4A2D0F872B7136FE00EE55D9 /* Debug */,
				4A2D0F882B7136FE00EE55D9 /* Release */,
			);
			defaultConfigurationIsVisible = 0;
			defaultConfigurationName = Release;
		};
		4A2D0F892B7136FE00EE55D9 /* Build configuration list for PBXNativeTarget "LoanManagement" */ = {
			isa = XCConfigurationList;
			buildConfigurations = (
				4A2D0F8A2B7136FE00EE55D9 /* Debug */,
				4A2D0F8B2B7136FE00EE55D9 /* Release */,
			);
			defaultConfigurationIsVisible = 0;
			defaultConfigurationName = Release;
		};
/* End XCConfigurationList section */
	};
	rootObject = 4A2D0F6D2B7136FA00EE55D9 /* Project object */;
}
